
Microsoft Visual Studio Solution File, Format Version 12.00
# Visual Studio Version 17
VisualStudioVersion = 17.14.37027.9
MinimumVisualStudioVersion = 10.0.40219.1
Project("{FAE04EC0-301F-11D3-BF4B-00C04F79EFBC}") = "Gradely.Api", "Gradely.Api\Gradely.Api.csproj", "{D034D6C6-DC52-4C7C-AF2D-1DC0C7FEE559}"
EndProject
Project("{FAE04EC0-301F-11D3-BF4B-00C04F79EFBC}") = "Gradely.Application", "Gradely.Application\Gradely.Application.csproj", "{5E55A99B-EFAA-4C9C-BCF6-44F65B8B88B2}"
EndProject
Project("{FAE04EC0-301F-11D3-BF4B-00C04F79EFBC}") = "Gradely.Domain", "Gradely.Domain\Gradely.Domain.csproj", "{5AB2854B-5718-4016-9160-CAF09321FE0A}"
EndProject
Project("{FAE04EC0-301F-11D3-BF4B-00C04F79EFBC}") = "Gradely.Infrastructure", "Gradely.Infrastructure\Gradely.Infrastructure.csproj", "{CDD61955-5A3A-4104-9F8D-112E7A3C6B5F}"
EndProject
Global
	GlobalSection(SolutionConfigurationPlatforms) = preSolution
		Debug|Any CPU = Debug|Any CPU
		Release|Any CPU = Release|Any CPU
	EndGlobalSection
	GlobalSection(ProjectConfigurationPlatforms) = postSolution
		{D034D6C6-DC52-4C7C-AF2D-1DC0C7FEE559}.Debug|Any CPU.ActiveCfg = Debug|Any CPU
		{D034D6C6-DC52-4C7C-AF2D-1DC0C7FEE559}.Debug|Any CPU.Build.0 = Debug|Any CPU
		{D034D6C6-DC52-4C7C-AF2D-1DC0C7FEE559}.Release|Any CPU.ActiveCfg = Release|Any CPU
		{D034D6C6-DC52-4C7C-AF2D-1DC0C7FEE559}.Release|Any CPU.Build.0 = Release|Any CPU
		{5E55A99B-EFAA-4C9C-BCF6-44F65B8B88B2}.Debug|Any CPU.ActiveCfg = Debug|Any CPU
		{5E55A99B-EFAA-4C9C-BCF6-44F65B8B88B2}.Debug|Any CPU.Build.0 = Debug|Any CPU
		{5E55A99B-EFAA-4C9C-BCF6-44F65B8B88B2}.Release|Any CPU.ActiveCfg = Release|Any CPU
		{5E55A99B-EFAA-4C9C-BCF6-44F65B8B88B2}.Release|Any CPU.Build.0 = Release|Any CPU
		{5AB2854B-5718-4016-9160-CAF09321FE0A}.Debug|Any CPU.ActiveCfg = Debug|Any CPU
		{5AB2854B-5718-4016-9160-CAF09321FE0A}.Debug|Any CPU.Build.0 = Debug|Any CPU
		{5AB2854B-5718-4016-9160-CAF09321FE0A}.Release|Any CPU.ActiveCfg = Release|Any CPU
		{5AB2854B-5718-4016-9160-CAF09321FE0A}.Release|Any CPU.Build.0 = Release|Any CPU
		{CDD61955-5A3A-4104-9F8D-112E7A3C6B5F}.Debug|Any CPU.ActiveCfg = Debug|Any CPU
		{CDD61955-5A3A-4104-9F8D-112E7A3C6B5F}.Debug|Any CPU.Build.0 = Debug|Any CPU
		{CDD61955-5A3A-4104-9F8D-112E7A3C6B5F}.Release|Any CPU.ActiveCfg = Release|Any CPU
		{CDD61955-5A3A-4104-9F8D-112E7A3C6B5F}.Release|Any CPU.Build.0 = Release|Any CPU
	EndGlobalSection
	GlobalSection(SolutionProperties) = preSolution
		HideSolutionNode = FALSE
	EndGlobalSection
	GlobalSection(ExtensibilityGlobals) = postSolution
		SolutionGuid = {661C8E06-1FD2-4EE4-87F0-33600BC50336}
	EndGlobalSection
EndGlobal
